# This file is automatically @generated by Cargo.
# It is not intended for manual editing.
[[package]]
name = "hex"
version = "0.4.1"
source = "registry+https://github.com/rust-lang/crates.io-index"

[[package]]
name = "many_time_pad"
version = "0.1.0"
dependencies = [
 "hex 0.4.1 (registry+https://github.com/rust-lang/crates.io-index)",
]

[metadata]
"checksum hex 0.4.1 (registry+https://github.com/rust-lang/crates.io-index)" = "76cdda6bf525062a0c9e8f14ee2b37935c86b8efb6c8b69b3c83dfb518a914af"
